
Microsoft Visual Studio Solution File, Format Version 12.00
# Visual Studio Version 17
VisualStudioVersion = 17.0.32112.339
MinimumVisualStudioVersion = 10.0.40219.1
Project("{8BC9CEB8-8B4A-11D0-8D11-00A0C91BC942}") = "Game", "Game\Game.vcxproj", "{BC5FD26C-CFC0-4CAB-B804-2EF713012697}"
EndProject
Project("{8BC9CEB8-8B4A-11D0-8D11-00A0C91BC942}") = "Peng", "Peng\Peng.vcxproj", "{B5E71D66-6798-499F-8998-966B95002E94}"
EndProject
Project("{8BC9CEB8-8B4A-11D0-8D11-00A0C91BC942}") = "glfw", "glfw\build\src\glfw.vcxproj", "{834F9378-D2A3-37EA-BD0A-B41E41DB0A7A}"
EndProject
Project("{8BC9CEB8-8B4A-11D0-8D11-00A0C91BC942}") = "glad", "glad\glad.vcxproj", "{6B76702E-F39D-42DF-9843-6BEA14ECF0DA}"
EndProject
Project("{8BC9CEB8-8B4A-11D0-8D11-00A0C91BC942}") = "stbi", "stbi\stbi.vcxproj", "{EE7F18F7-525F-4A97-9929-070E6ACF35F8}"
EndProject
Global
	GlobalSection(SolutionConfigurationPlatforms) = preSolution
		Debug|x64 = Debug|x64
		Debug|x86 = Debug|x86
		MinSizeRel|x64 = MinSizeRel|x64
		MinSizeRel|x86 = MinSizeRel|x86
		Release|x64 = Release|x64
		Release|x86 = Release|x86
		RelWithDebInfo|x64 = RelWithDebInfo|x64
		RelWithDebInfo|x86 = RelWithDebInfo|x86
	EndGlobalSection
	GlobalSection(ProjectConfigurationPlatforms) = postSolution
		{BC5FD26C-CFC0-4CAB-B804-2EF713012697}.Debug|x64.ActiveCfg = Debug|x64
		{BC5FD26C-CFC0-4CAB-B804-2EF713012697}.Debug|x64.Build.0 = Debug|x64
		{BC5FD26C-CFC0-4CAB-B804-2EF713012697}.Debug|x86.ActiveCfg = Debug|x64
		{BC5FD26C-CFC0-4CAB-B804-2EF713012697}.Debug|x86.Build.0 = Debug|x64
		{BC5FD26C-CFC0-4CAB-B804-2EF713012697}.MinSizeRel|x64.ActiveCfg = Release|x64
		{BC5FD26C-CFC0-4CAB-B804-2EF713012697}.MinSizeRel|x64.Build.0 = Release|x64
		{BC5FD26C-CFC0-4CAB-B804-2EF713012697}.MinSizeRel|x86.ActiveCfg = Release|x64
		{BC5FD26C-CFC0-4CAB-B804-2EF713012697}.MinSizeRel|x86.Build.0 = Release|x64
		{BC5FD26C-CFC0-4CAB-B804-2EF713012697}.Release|x64.ActiveCfg = Release|x64
		{BC5FD26C-CFC0-4CAB-B804-2EF713012697}.Release|x64.Build.0 = Release|x64
		{BC5FD26C-CFC0-4CAB-B804-2EF713012697}.Release|x86.ActiveCfg = Release|x64
		{BC5FD26C-CFC0-4CAB-B804-2EF713012697}.Release|x86.Build.0 = Release|x64
		{BC5FD26C-CFC0-4CAB-B804-2EF713012697}.RelWithDebInfo|x64.ActiveCfg = Release|x64
		{BC5FD26C-CFC0-4CAB-B804-2EF713012697}.RelWithDebInfo|x64.Build.0 = Release|x64
		{BC5FD26C-CFC0-4CAB-B804-2EF713012697}.RelWithDebInfo|x86.ActiveCfg = Release|x64
		{BC5FD26C-CFC0-4CAB-B804-2EF713012697}.RelWithDebInfo|x86.Build.0 = Release|x64
		{B5E71D66-6798-499F-8998-966B95002E94}.Debug|x64.ActiveCfg = Debug|x64
		{B5E71D66-6798-499F-8998-966B95002E94}.Debug|x64.Build.0 = Debug|x64
		{B5E71D66-6798-499F-8998-966B95002E94}.Debug|x86.ActiveCfg = Debug|x64
		{B5E71D66-6798-499F-8998-966B95002E94}.Debug|x86.Build.0 = Debug|x64
		{B5E71D66-6798-499F-8998-966B95002E94}.MinSizeRel|x64.ActiveCfg = Release|x64
		{B5E71D66-6798-499F-8998-966B95002E94}.MinSizeRel|x64.Build.0 = Release|x64
		{B5E71D66-6798-499F-8998-966B95002E94}.MinSizeRel|x86.ActiveCfg = Release|x64
		{B5E71D66-6798-499F-8998-966B95002E94}.MinSizeRel|x86.Build.0 = Release|x64
		{B5E71D66-6798-499F-8998-966B95002E94}.Release|x64.ActiveCfg = Release|x64
		{B5E71D66-6798-499F-8998-966B95002E94}.Release|x64.Build.0 = Release|x64
		{B5E71D66-6798-499F-8998-966B95002E94}.Release|x86.ActiveCfg = Release|x64
		{B5E71D66-6798-499F-8998-966B95002E94}.Release|x86.Build.0 = Release|x64
		{B5E71D66-6798-499F-8998-966B95002E94}.RelWithDebInfo|x64.ActiveCfg = Release|x64
		{B5E71D66-6798-499F-8998-966B95002E94}.RelWithDebInfo|x64.Build.0 = Release|x64
		{B5E71D66-6798-499F-8998-966B95002E94}.RelWithDebInfo|x86.ActiveCfg = Release|x64
		{B5E71D66-6798-499F-8998-966B95002E94}.RelWithDebInfo|x86.Build.0 = Release|x64
		{834F9378-D2A3-37EA-BD0A-B41E41DB0A7A}.Debug|x64.ActiveCfg = Debug|x64
		{834F9378-D2A3-37EA-BD0A-B41E41DB0A7A}.Debug|x64.Build.0 = Debug|x64
		{834F9378-D2A3-37EA-BD0A-B41E41DB0A7A}.Debug|x86.ActiveCfg = Debug|x64
		{834F9378-D2A3-37EA-BD0A-B41E41DB0A7A}.Debug|x86.Build.0 = Debug|x64
		{834F9378-D2A3-37EA-BD0A-B41E41DB0A7A}.MinSizeRel|x64.ActiveCfg = MinSizeRel|x64
		{834F9378-D2A3-37EA-BD0A-B41E41DB0A7A}.MinSizeRel|x64.Build.0 = MinSizeRel|x64
		{834F9378-D2A3-37EA-BD0A-B41E41DB0A7A}.MinSizeRel|x86.ActiveCfg = MinSizeRel|x64
		{834F9378-D2A3-37EA-BD0A-B41E41DB0A7A}.MinSizeRel|x86.Build.0 = MinSizeRel|x64
		{834F9378-D2A3-37EA-BD0A-B41E41DB0A7A}.Release|x64.ActiveCfg = Release|x64
		{834F9378-D2A3-37EA-BD0A-B41E41DB0A7A}.Release|x64.Build.0 = Release|x64
		{834F9378-D2A3-37EA-BD0A-B41E41DB0A7A}.Release|x86.ActiveCfg = Release|x64
		{834F9378-D2A3-37EA-BD0A-B41E41DB0A7A}.Release|x86.Build.0 = Release|x64
		{834F9378-D2A3-37EA-BD0A-B41E41DB0A7A}.RelWithDebInfo|x64.ActiveCfg = RelWithDebInfo|x64
		{834F9378-D2A3-37EA-BD0A-B41E41DB0A7A}.RelWithDebInfo|x64.Build.0 = RelWithDebInfo|x64
		{834F9378-D2A3-37EA-BD0A-B41E41DB0A7A}.RelWithDebInfo|x86.ActiveCfg = RelWithDebInfo|x64
		{834F9378-D2A3-37EA-BD0A-B41E41DB0A7A}.RelWithDebInfo|x86.Build.0 = RelWithDebInfo|x64
		{6B76702E-F39D-42DF-9843-6BEA14ECF0DA}.Debug|x64.ActiveCfg = Debug|x64
		{6B76702E-F39D-42DF-9843-6BEA14ECF0DA}.Debug|x64.Build.0 = Debug|x64
		{6B76702E-F39D-42DF-9843-6BEA14ECF0DA}.Debug|x86.ActiveCfg = Debug|x64
		{6B76702E-F39D-42DF-9843-6BEA14ECF0DA}.Debug|x86.Build.0 = Debug|x64
		{6B76702E-F39D-42DF-9843-6BEA14ECF0DA}.MinSizeRel|x64.ActiveCfg = Debug|x64
		{6B76702E-F39D-42DF-9843-6BEA14ECF0DA}.MinSizeRel|x64.Build.0 = Debug|x64
		{6B76702E-F39D-42DF-9843-6BEA14ECF0DA}.MinSizeRel|x86.ActiveCfg = Debug|x64
		{6B76702E-F39D-42DF-9843-6BEA14ECF0DA}.MinSizeRel|x86.Build.0 = Debug|x64
		{6B76702E-F39D-42DF-9843-6BEA14ECF0DA}.Release|x64.ActiveCfg = Release|x64
		{6B76702E-F39D-42DF-9843-6BEA14ECF0DA}.Release|x64.Build.0 = Release|x64
		{6B76702E-F39D-42DF-9843-6BEA14ECF0DA}.Release|x86.ActiveCfg = Release|x64
		{6B76702E-F39D-42DF-9843-6BEA14ECF0DA}.Release|x86.Build.0 = Release|x64
		{6B76702E-F39D-42DF-9843-6BEA14ECF0DA}.RelWithDebInfo|x64.ActiveCfg = Release|x64
		{6B76702E-F39D-42DF-9843-6BEA14ECF0DA}.RelWithDebInfo|x64.Build.0 = Release|x64
		{6B76702E-F39D-42DF-9843-6BEA14ECF0DA}.RelWithDebInfo|x86.ActiveCfg = Release|x64
		{6B76702E-F39D-42DF-9843-6BEA14ECF0DA}.RelWithDebInfo|x86.Build.0 = Release|x64
		{EE7F18F7-525F-4A97-9929-070E6ACF35F8}.Debug|x64.ActiveCfg = Debug|x64
		{EE7F18F7-525F-4A97-9929-070E6ACF35F8}.Debug|x64.Build.0 = Debug|x64
		{EE7F18F7-525F-4A97-9929-070E6ACF35F8}.Debug|x86.ActiveCfg = Debug|x64
		{EE7F18F7-525F-4A97-9929-070E6ACF35F8}.Debug|x86.Build.0 = Debug|x64
		{EE7F18F7-525F-4A97-9929-070E6ACF35F8}.MinSizeRel|x64.ActiveCfg = Debug|x64
		{EE7F18F7-525F-4A97-9929-070E6ACF35F8}.MinSizeRel|x64.Build.0 = Debug|x64
		{EE7F18F7-525F-4A97-9929-070E6ACF35F8}.MinSizeRel|x86.ActiveCfg = Debug|x64
		{EE7F18F7-525F-4A97-9929-070E6ACF35F8}.MinSizeRel|x86.Build.0 = Debug|x64
		{EE7F18F7-525F-4A97-9929-070E6ACF35F8}.Release|x64.ActiveCfg = Release|x64
		{EE7F18F7-525F-4A97-9929-070E6ACF35F8}.Release|x64.Build.0 = Release|x64
		{EE7F18F7-525F-4A97-9929-070E6ACF35F8}.Release|x86.ActiveCfg = Release|x64
		{EE7F18F7-525F-4A97-9929-070E6ACF35F8}.Release|x86.Build.0 = Release|x64
		{EE7F18F7-525F-4A97-9929-070E6ACF35F8}.RelWithDebInfo|x64.ActiveCfg = Release|x64
		{EE7F18F7-525F-4A97-9929-070E6ACF35F8}.RelWithDebInfo|x64.Build.0 = Release|x64
		{EE7F18F7-525F-4A97-9929-070E6ACF35F8}.RelWithDebInfo|x86.ActiveCfg = Release|x64
		{EE7F18F7-525F-4A97-9929-070E6ACF35F8}.RelWithDebInfo|x86.Build.0 = Release|x64
	EndGlobalSection
	GlobalSection(SolutionProperties) = preSolution
		HideSolutionNode = FALSE
	EndGlobalSection
	GlobalSection(ExtensibilityGlobals) = postSolution
		SolutionGuid = {2B96C19A-1EAA-45BA-B78A-33E0F6430DDC}
	EndGlobalSection
EndGlobal
