
Microsoft Visual Studio Solution File, Format Version 12.00
# Visual Studio Version 17
VisualStudioVersion = 17.0.32112.339
MinimumVisualStudioVersion = 10.0.40219.1
Project("{8BC9CEB8-8B4A-11D0-8D11-00A0C91BC942}") = "Game", "Game\Game.vcxproj", "{BC5FD26C-CFC0-4CAB-B804-2EF713012697}"
EndProject
Project("{8BC9CEB8-8B4A-11D0-8D11-00A0C91BC942}") = "Peng", "Peng\Peng.vcxproj", "{B5E71D66-6798-499F-8998-966B95002E94}"
EndProject
Global
	GlobalSection(SolutionConfigurationPlatforms) = preSolution
		Debug|x64 = Debug|x64
		Debug|x86 = Debug|x86
		Release|x64 = Release|x64
		Release|x86 = Release|x86
	EndGlobalSection
	GlobalSection(ProjectConfigurationPlatforms) = postSolution
		{BC5FD26C-CFC0-4CAB-B804-2EF713012697}.Debug|x64.ActiveCfg = Debug|x64
		{BC5FD26C-CFC0-4CAB-B804-2EF713012697}.Debug|x64.Build.0 = Debug|x64
		{BC5FD26C-CFC0-4CAB-B804-2EF713012697}.Debug|x86.ActiveCfg = Debug|Win32
		{BC5FD26C-CFC0-4CAB-B804-2EF713012697}.Debug|x86.Build.0 = Debug|Win32
		{BC5FD26C-CFC0-4CAB-B804-2EF713012697}.Release|x64.ActiveCfg = Release|x64
		{BC5FD26C-CFC0-4CAB-B804-2EF713012697}.Release|x64.Build.0 = Release|x64
		{BC5FD26C-CFC0-4CAB-B804-2EF713012697}.Release|x86.ActiveCfg = Release|Win32
		{BC5FD26C-CFC0-4CAB-B804-2EF713012697}.Release|x86.Build.0 = Release|Win32
		{B5E71D66-6798-499F-8998-966B95002E94}.Debug|x64.ActiveCfg = Debug|x64
		{B5E71D66-6798-499F-8998-966B95002E94}.Debug|x64.Build.0 = Debug|x64
		{B5E71D66-6798-499F-8998-966B95002E94}.Debug|x86.ActiveCfg = Debug|Win32
		{B5E71D66-6798-499F-8998-966B95002E94}.Debug|x86.Build.0 = Debug|Win32
		{B5E71D66-6798-499F-8998-966B95002E94}.Release|x64.ActiveCfg = Release|x64
		{B5E71D66-6798-499F-8998-966B95002E94}.Release|x64.Build.0 = Release|x64
		{B5E71D66-6798-499F-8998-966B95002E94}.Release|x86.ActiveCfg = Release|Win32
		{B5E71D66-6798-499F-8998-966B95002E94}.Release|x86.Build.0 = Release|Win32
	EndGlobalSection
	GlobalSection(SolutionProperties) = preSolution
		HideSolutionNode = FALSE
	EndGlobalSection
	GlobalSection(ExtensibilityGlobals) = postSolution
		SolutionGuid = {2B96C19A-1EAA-45BA-B78A-33E0F6430DDC}
	EndGlobalSection
EndGlobal
